// !$*UTF8*$!
{
	archiveVersion = 1;
	classes = {
	};
	objectVersion = 77;
	objects = {

/* Begin PBXContainerItemProxy section */
		2FA453ED2CE3144B004AD59A /* PBXContainerItemProxy */ = {
			isa = PBXContainerItemProxy;
			containerPortal = 2FA453CF2CE31448004AD59A /* Project object */;
			proxyType = 1;
			remoteGlobalIDString = 2FA453D62CE31448004AD59A;
			remoteInfo = "OnDevice-ML";
		};
		2FA453F72CE3144B004AD59A /* PBXContainerItemProxy */ = {
			isa = PBXContainerItemProxy;
			containerPortal = 2FA453CF2CE31448004AD59A /* Project object */;
			proxyType = 1;
			remoteGlobalIDString = 2FA453D62CE31448004AD59A;
			remoteInfo = "OnDevice-ML";
		};
/* End PBXContainerItemProxy section */

/* Begin PBXFileReference section */
		2FA453D72CE31448004AD59A /* OnDevice-ML.app */ = {isa = PBXFileReference; explicitFileType = wrapper.application; includeInIndex = 0; path = "OnDevice-ML.app"; sourceTree = BUILT_PRODUCTS_DIR; };
		2FA453EC2CE3144B004AD59A /* OnDevice-MLTests.xctest */ = {isa = PBXFileReference; explicitFileType = wrapper.cfbundle; includeInIndex = 0; path = "OnDevice-MLTests.xctest"; sourceTree = BUILT_PRODUCTS_DIR; };
		2FA453F62CE3144B004AD59A /* OnDevice-MLUITests.xctest */ = {isa = PBXFileReference; explicitFileType = wrapper.cfbundle; includeInIndex = 0; path = "OnDevice-MLUITests.xctest"; sourceTree = BUILT_PRODUCTS_DIR; };
/* End PBXFileReference section */

/* Begin PBXFileSystemSynchronizedRootGroup section */
		2FA453D92CE31448004AD59A /* OnDevice-ML */ = {
			isa = PBXFileSystemSynchronizedRootGroup;
			path = "OnDevice-ML";
			sourceTree = "<group>";
		};
		2FA453EF2CE3144B004AD59A /* OnDevice-MLTests */ = {
			isa = PBXFileSystemSynchronizedRootGroup;
			path = "OnDevice-MLTests";
			sourceTree = "<group>";
		};
		2FA453F92CE3144B004AD59A /* OnDevice-MLUITests */ = {
			isa = PBXFileSystemSynchronizedRootGroup;
			path = "OnDevice-MLUITests";
			sourceTree = "<group>";
		};
/* End PBXFileSystemSynchronizedRootGroup section */

/* Begin PBXFrameworksBuildPhase section */
		2FA453D42CE31448004AD59A /* Frameworks */ = {
			isa = PBXFrameworksBuildPhase;
			buildActionMask = 2147483647;
			files = (
			);
			runOnlyForDeploymentPostprocessing = 0;
		};
		2FA453E92CE3144B004AD59A /* Frameworks */ = {
			isa = PBXFrameworksBuildPhase;
			buildActionMask = 2147483647;
			files = (
			);
			runOnlyForDeploymentPostprocessing = 0;
		};
		2FA453F32CE3144B004AD59A /* Frameworks */ = {
			isa = PBXFrameworksBuildPhase;
			buildActionMask = 2147483647;
			files = (
			);
			runOnlyForDeploymentPostprocessing = 0;
		};
/* End PBXFrameworksBuildPhase section */

/* Begin PBXGroup section */
		2FA453CE2CE31448004AD59A = {
			isa = PBXGroup;
			children = (
				2FA453D92CE31448004AD59A /* OnDevice-ML */,
				2FA453EF2CE3144B004AD59A /* OnDevice-MLTests */,
				2FA453F92CE3144B004AD59A /* OnDevice-MLUITests */,
				2FA453D82CE31448004AD59A /* Products */,
			);
			sourceTree = "<group>";
		};
		2FA453D82CE31448004AD59A /* Products */ = {
			isa = PBXGroup;
			children = (
				2FA453D72CE31448004AD59A /* OnDevice-ML.app */,
				2FA453EC2CE3144B004AD59A /* OnDevice-MLTests.xctest */,
				2FA453F62CE3144B004AD59A /* OnDevice-MLUITests.xctest */,
			);
			name = Products;
			sourceTree = "<group>";
		};
/* End PBXGroup section */

/* Begin PBXNativeTarget section */
		2FA453D62CE31448004AD59A /* OnDevice-ML */ = {
			isa = PBXNativeTarget;
			buildConfigurationList = 2FA454002CE3144B004AD59A /* Build configuration list for PBXNativeTarget "OnDevice-ML" */;
			buildPhases = (
				2FA453D32CE31448004AD59A /* Sources */,
				2FA453D42CE31448004AD59A /* Frameworks */,
				2FA453D52CE31448004AD59A /* Resources */,
			);
			buildRules = (
			);
			dependencies = (
			);
			fileSystemSynchronizedGroups = (
				2FA453D92CE31448004AD59A /* OnDevice-ML */,
			);
			name = "OnDevice-ML";
			packageProductDependencies = (
			);
			productName = "OnDevice-ML";
			productReference = 2FA453D72CE31448004AD59A /* OnDevice-ML.app */;
			productType = "com.apple.product-type.application";
		};
		2FA453EB2CE3144B004AD59A /* OnDevice-MLTests */ = {
			isa = PBXNativeTarget;
			buildConfigurationList = 2FA454032CE3144B004AD59A /* Build configuration list for PBXNativeTarget "OnDevice-MLTests" */;
			buildPhases = (
				2FA453E82CE3144B004AD59A /* Sources */,
				2FA453E92CE3144B004AD59A /* Frameworks */,
				2FA453EA2CE3144B004AD59A /* Resources */,
			);
			buildRules = (
			);
			dependencies = (
				2FA453EE2CE3144B004AD59A /* PBXTargetDependency */,
			);
			fileSystemSynchronizedGroups = (
				2FA453EF2CE3144B004AD59A /* OnDevice-MLTests */,
			);
			name = "OnDevice-MLTests";
			packageProductDependencies = (
			);
			productName = "OnDevice-MLTests";
			productReference = 2FA453EC2CE3144B004AD59A /* OnDevice-MLTests.xctest */;
			productType = "com.apple.product-type.bundle.unit-test";
		};
		2FA453F52CE3144B004AD59A /* OnDevice-MLUITests */ = {
			isa = PBXNativeTarget;
			buildConfigurationList = 2FA454062CE3144B004AD59A /* Build configuration list for PBXNativeTarget "OnDevice-MLUITests" */;
			buildPhases = (
				2FA453F22CE3144B004AD59A /* Sources */,
				2FA453F32CE3144B004AD59A /* Frameworks */,
				2FA453F42CE3144B004AD59A /* Resources */,
			);
			buildRules = (
			);
			dependencies = (
				2FA453F82CE3144B004AD59A /* PBXTargetDependency */,
			);
			fileSystemSynchronizedGroups = (
				2FA453F92CE3144B004AD59A /* OnDevice-MLUITests */,
			);
			name = "OnDevice-MLUITests";
			packageProductDependencies = (
			);
			productName = "OnDevice-MLUITests";
			productReference = 2FA453F62CE3144B004AD59A /* OnDevice-MLUITests.xctest */;
			productType = "com.apple.product-type.bundle.ui-testing";
		};
/* End PBXNativeTarget section */

/* Begin PBXProject section */
		2FA453CF2CE31448004AD59A /* Project object */ = {
			isa = PBXProject;
			attributes = {
				BuildIndependentTargetsInParallel = 1;
				LastSwiftUpdateCheck = 1610;
				LastUpgradeCheck = 1610;
				TargetAttributes = {
					2FA453D62CE31448004AD59A = {
						CreatedOnToolsVersion = 16.1;
					};
					2FA453EB2CE3144B004AD59A = {
						CreatedOnToolsVersion = 16.1;
						TestTargetID = 2FA453D62CE31448004AD59A;
					};
					2FA453F52CE3144B004AD59A = {
						CreatedOnToolsVersion = 16.1;
						TestTargetID = 2FA453D62CE31448004AD59A;
					};
				};
			};
			buildConfigurationList = 2FA453D22CE31448004AD59A /* Build configuration list for PBXProject "OnDevice-ML" */;
			developmentRegion = en;
			hasScannedForEncodings = 0;
			knownRegions = (
				en,
				Base,
			);
			mainGroup = 2FA453CE2CE31448004AD59A;
			minimizedProjectReferenceProxies = 1;
			preferredProjectObjectVersion = 77;
			productRefGroup = 2FA453D82CE31448004AD59A /* Products */;
			projectDirPath = "";
			projectRoot = "";
			targets = (
				2FA453D62CE31448004AD59A /* OnDevice-ML */,
				2FA453EB2CE3144B004AD59A /* OnDevice-MLTests */,
				2FA453F52CE3144B004AD59A /* OnDevice-MLUITests */,
			);
		};
/* End PBXProject section */

/* Begin PBXResourcesBuildPhase section */
		2FA453D52CE31448004AD59A /* Resources */ = {
			isa = PBXResourcesBuildPhase;
			buildActionMask = 2147483647;
			files = (
			);
			runOnlyForDeploymentPostprocessing = 0;
		};
		2FA453EA2CE3144B004AD59A /* Resources */ = {
			isa = PBXResourcesBuildPhase;
			buildActionMask = 2147483647;
			files = (
			);
			runOnlyForDeploymentPostprocessing = 0;
		};
		2FA453F42CE3144B004AD59A /* Resources */ = {
			isa = PBXResourcesBuildPhase;
			buildActionMask = 2147483647;
			files = (
			);
			runOnlyForDeploymentPostprocessing = 0;
		};
/* End PBXResourcesBuildPhase section */

/* Begin PBXSourcesBuildPhase section */
		2FA453D32CE31448004AD59A /* Sources */ = {
			isa = PBXSourcesBuildPhase;
			buildActionMask = 2147483647;
			files = (
			);
			runOnlyForDeploymentPostprocessing = 0;
		};
		2FA453E82CE3144B004AD59A /* Sources */ = {
			isa = PBXSourcesBuildPhase;
			buildActionMask = 2147483647;
			files = (
			);
			runOnlyForDeploymentPostprocessing = 0;
		};
		2FA453F22CE3144B004AD59A /* Sources */ = {
			isa = PBXSourcesBuildPhase;
			buildActionMask = 2147483647;
			files = (
			);
			runOnlyForDeploymentPostprocessing = 0;
		};
/* End PBXSourcesBuildPhase section */

/* Begin PBXTargetDependency section */
		2FA453EE2CE3144B004AD59A /* PBXTargetDependency */ = {
			isa = PBXTargetDependency;
			target = 2FA453D62CE31448004AD59A /* OnDevice-ML */;
			targetProxy = 2FA453ED2CE3144B004AD59A /* PBXContainerItemProxy */;
		};
		2FA453F82CE3144B004AD59A /* PBXTargetDependency */ = {
			isa = PBXTargetDependency;
			target = 2FA453D62CE31448004AD59A /* OnDevice-ML */;
			targetProxy = 2FA453F72CE3144B004AD59A /* PBXContainerItemProxy */;
		};
/* End PBXTargetDependency section */

/* Begin XCBuildConfiguration section */
		2FA453FE2CE3144B004AD59A /* Debug */ = {
			isa = XCBuildConfiguration;
			buildSettings = {
				ALWAYS_SEARCH_USER_PATHS = NO;
				ASSETCATALOG_COMPILER_GENERATE_SWIFT_ASSET_SYMBOL_EXTENSIONS = YES;
				CLANG_ANALYZER_NONNULL = YES;
				CLANG_ANALYZER_NUMBER_OBJECT_CONVERSION = YES_AGGRESSIVE;
				CLANG_CXX_LANGUAGE_STANDARD = "gnu++20";
				CLANG_ENABLE_MODULES = YES;
				CLANG_ENABLE_OBJC_ARC = YES;
				CLANG_ENABLE_OBJC_WEAK = YES;
				CLANG_WARN_BLOCK_CAPTURE_AUTORELEASING = YES;
				CLANG_WARN_BOOL_CONVERSION = YES;
				CLANG_WARN_COMMA = YES;
				CLANG_WARN_CONSTANT_CONVERSION = YES;
				CLANG_WARN_DEPRECATED_OBJC_IMPLEMENTATIONS = YES;
				CLANG_WARN_DIRECT_OBJC_ISA_USAGE = YES_ERROR;
				CLANG_WARN_DOCUMENTATION_COMMENTS = YES;
				CLANG_WARN_EMPTY_BODY = YES;
				CLANG_WARN_ENUM_CONVERSION = YES;
				CLANG_WARN_INFINITE_RECURSION = YES;
				CLANG_WARN_INT_CONVERSION = YES;
				CLANG_WARN_NON_LITERAL_NULL_CONVERSION = YES;
				CLANG_WARN_OBJC_IMPLICIT_RETAIN_SELF = YES;
				CLANG_WARN_OBJC_LITERAL_CONVERSION = YES;
				CLANG_WARN_OBJC_ROOT_CLASS = YES_ERROR;
				CLANG_WARN_QUOTED_INCLUDE_IN_FRAMEWORK_HEADER = YES;
				CLANG_WARN_RANGE_LOOP_ANALYSIS = YES;
				CLANG_WARN_STRICT_PROTOTYPES = YES;
				CLANG_WARN_SUSPICIOUS_MOVE = YES;
				CLANG_WARN_UNGUARDED_AVAILABILITY = YES_AGGRESSIVE;
				CLANG_WARN_UNREACHABLE_CODE = YES;
				CLANG_WARN__DUPLICATE_METHOD_MATCH = YES;
				COPY_PHASE_STRIP = NO;
				DEBUG_INFORMATION_FORMAT = dwarf;
				ENABLE_STRICT_OBJC_MSGSEND = YES;
				ENABLE_TESTABILITY = YES;
				ENABLE_USER_SCRIPT_SANDBOXING = YES;
				GCC_C_LANGUAGE_STANDARD = gnu17;
				GCC_DYNAMIC_NO_PIC = NO;
				GCC_NO_COMMON_BLOCKS = YES;
				GCC_OPTIMIZATION_LEVEL = 0;
				GCC_PREPROCESSOR_DEFINITIONS = (
					"DEBUG=1",
					"$(inherited)",
				);
				GCC_WARN_64_TO_32_BIT_CONVERSION = YES;
				GCC_WARN_ABOUT_RETURN_TYPE = YES_ERROR;
				GCC_WARN_UNDECLARED_SELECTOR = YES;
				GCC_WARN_UNINITIALIZED_AUTOS = YES_AGGRESSIVE;
				GCC_WARN_UNUSED_FUNCTION = YES;
				GCC_WARN_UNUSED_VARIABLE = YES;
				IPHONEOS_DEPLOYMENT_TARGET = 18.1;
				LOCALIZATION_PREFERS_STRING_CATALOGS = YES;
				MTL_ENABLE_DEBUG_INFO = INCLUDE_SOURCE;
				MTL_FAST_MATH = YES;
				ONLY_ACTIVE_ARCH = YES;
				SDKROOT = iphoneos;
				SWIFT_ACTIVE_COMPILATION_CONDITIONS = "DEBUG $(inherited)";
				SWIFT_OPTIMIZATION_LEVEL = "-Onone";
			};
			name = Debug;
		};
		2FA453FF2CE3144B004AD59A /* Release */ = {
			isa = XCBuildConfiguration;
			buildSettings = {
				ALWAYS_SEARCH_USER_PATHS = NO;
				ASSETCATALOG_COMPILER_GENERATE_SWIFT_ASSET_SYMBOL_EXTENSIONS = YES;
				CLANG_ANALYZER_NONNULL = YES;
				CLANG_ANALYZER_NUMBER_OBJECT_CONVERSION = YES_AGGRESSIVE;
				CLANG_CXX_LANGUAGE_STANDARD = "gnu++20";
				CLANG_ENABLE_MODULES = YES;
				CLANG_ENABLE_OBJC_ARC = YES;
				CLANG_ENABLE_OBJC_WEAK = YES;
				CLANG_WARN_BLOCK_CAPTURE_AUTORELEASING = YES;
				CLANG_WARN_BOOL_CONVERSION = YES;
				CLANG_WARN_COMMA = YES;
				CLANG_WARN_CONSTANT_CONVERSION = YES;
				CLANG_WARN_DEPRECATED_OBJC_IMPLEMENTATIONS = YES;
				CLANG_WARN_DIRECT_OBJC_ISA_USAGE = YES_ERROR;
				CLANG_WARN_DOCUMENTATION_COMMENTS = YES;
				CLANG_WARN_EMPTY_BODY = YES;
				CLANG_WARN_ENUM_CONVERSION = YES;
				CLANG_WARN_INFINITE_RECURSION = YES;
				CLANG_WARN_INT_CONVERSION = YES;
				CLANG_WARN_NON_LITERAL_NULL_CONVERSION = YES;
				CLANG_WARN_OBJC_IMPLICIT_RETAIN_SELF = YES;
				CLANG_WARN_OBJC_LITERAL_CONVERSION = YES;
				CLANG_WARN_OBJC_ROOT_CLASS = YES_ERROR;
				CLANG_WARN_QUOTED_INCLUDE_IN_FRAMEWORK_HEADER = YES;
				CLANG_WARN_RANGE_LOOP_ANALYSIS = YES;
				CLANG_WARN_STRICT_PROTOTYPES = YES;
				CLANG_WARN_SUSPICIOUS_MOVE = YES;
				CLANG_WARN_UNGUARDED_AVAILABILITY = YES_AGGRESSIVE;
				CLANG_WARN_UNREACHABLE_CODE = YES;
				CLANG_WARN__DUPLICATE_METHOD_MATCH = YES;
				COPY_PHASE_STRIP = NO;
				DEBUG_INFORMATION_FORMAT = "dwarf-with-dsym";
				ENABLE_NS_ASSERTIONS = NO;
				ENABLE_STRICT_OBJC_MSGSEND = YES;
				ENABLE_USER_SCRIPT_SANDBOXING = YES;
				GCC_C_LANGUAGE_STANDARD = gnu17;
				GCC_NO_COMMON_BLOCKS = YES;
				GCC_WARN_64_TO_32_BIT_CONVERSION = YES;
				GCC_WARN_ABOUT_RETURN_TYPE = YES_ERROR;
				GCC_WARN_UNDECLARED_SELECTOR = YES;
				GCC_WARN_UNINITIALIZED_AUTOS = YES_AGGRESSIVE;
				GCC_WARN_UNUSED_FUNCTION = YES;
				GCC_WARN_UNUSED_VARIABLE = YES;
				IPHONEOS_DEPLOYMENT_TARGET = 18.1;
				LOCALIZATION_PREFERS_STRING_CATALOGS = YES;
				MTL_ENABLE_DEBUG_INFO = NO;
				MTL_FAST_MATH = YES;
				SDKROOT = iphoneos;
				SWIFT_COMPILATION_MODE = wholemodule;
				VALIDATE_PRODUCT = YES;
			};
			name = Release;
		};
		2FA454012CE3144B004AD59A /* Debug */ = {
			isa = XCBuildConfiguration;
			buildSettings = {
				ASSETCATALOG_COMPILER_APPICON_NAME = AppIcon;
				ASSETCATALOG_COMPILER_GLOBAL_ACCENT_COLOR_NAME = AccentColor;
				CODE_SIGN_STYLE = Automatic;
				CURRENT_PROJECT_VERSION = 1;
				DEVELOPMENT_ASSET_PATHS = "\"OnDevice-ML/Preview Content\"";
				DEVELOPMENT_TEAM = 8JXL43X4BC;
				ENABLE_PREVIEWS = YES;
				GENERATE_INFOPLIST_FILE = YES;
				INFOPLIST_KEY_NSCameraUsageDescription = "Used for Face Detection";
				INFOPLIST_KEY_UIApplicationSceneManifest_Generation = YES;
				INFOPLIST_KEY_UIApplicationSupportsIndirectInputEvents = YES;
				INFOPLIST_KEY_UILaunchScreen_Generation = YES;
				INFOPLIST_KEY_UISupportedInterfaceOrientations = UIInterfaceOrientationPortrait;
				INFOPLIST_KEY_UISupportedInterfaceOrientations_iPad = UIInterfaceOrientationPortraitUpsideDown;
				IPHONEOS_DEPLOYMENT_TARGET = 16;
				LD_RUNPATH_SEARCH_PATHS = (
					"$(inherited)",
					"@executable_path/Frameworks",
				);
				MARKETING_VERSION = 1.0;
				PRODUCT_BUNDLE_IDENTIFIER = "com.OnDevice-ML";
				PRODUCT_NAME = "$(TARGET_NAME)";
				SUPPORTED_PLATFORMS = "iphoneos iphonesimulator";
				SUPPORTS_MACCATALYST = NO;
				SUPPORTS_MAC_DESIGNED_FOR_IPHONE_IPAD = NO;
				SUPPORTS_XR_DESIGNED_FOR_IPHONE_IPAD = NO;
				SWIFT_EMIT_LOC_STRINGS = YES;
				SWIFT_VERSION = 5.0;
				TARGETED_DEVICE_FAMILY = 1;
			};
			name = Debug;
		};
		2FA454022CE3144B004AD59A /* Release */ = {
			isa = XCBuildConfiguration;
			buildSettings = {
				ASSETCATALOG_COMPILER_APPICON_NAME = AppIcon;
				ASSETCATALOG_COMPILER_GLOBAL_ACCENT_COLOR_NAME = AccentColor;
				CODE_SIGN_STYLE = Automatic;
				CURRENT_PROJECT_VERSION = 1;
				DEVELOPMENT_ASSET_PATHS = "\"OnDevice-ML/Preview Content\"";
				DEVELOPMENT_TEAM = 8JXL43X4BC;
				ENABLE_PREVIEWS = YES;
				GENERATE_INFOPLIST_FILE = YES;
				INFOPLIST_KEY_NSCameraUsageDescription = "Used for Face Detection";
				INFOPLIST_KEY_UIApplicationSceneManifest_Generation = YES;
				INFOPLIST_KEY_UIApplicationSupportsIndirectInputEvents = YES;
				INFOPLIST_KEY_UILaunchScreen_Generation = YES;
				INFOPLIST_KEY_UISupportedInterfaceOrientations = UIInterfaceOrientationPortrait;
				INFOPLIST_KEY_UISupportedInterfaceOrientations_iPad = UIInterfaceOrientationPortraitUpsideDown;
				IPHONEOS_DEPLOYMENT_TARGET = 16;
				LD_RUNPATH_SEARCH_PATHS = (
					"$(inherited)",
					"@executable_path/Frameworks",
				);
				MARKETING_VERSION = 1.0;
				PRODUCT_BUNDLE_IDENTIFIER = "com.OnDevice-ML";
				PRODUCT_NAME = "$(TARGET_NAME)";
				SUPPORTED_PLATFORMS = "iphoneos iphonesimulator";
				SUPPORTS_MACCATALYST = NO;
				SUPPORTS_MAC_DESIGNED_FOR_IPHONE_IPAD = NO;
				SUPPORTS_XR_DESIGNED_FOR_IPHONE_IPAD = NO;
				SWIFT_EMIT_LOC_STRINGS = YES;
				SWIFT_VERSION = 5.0;
				TARGETED_DEVICE_FAMILY = 1;
			};
			name = Release;
		};
		2FA454042CE3144B004AD59A /* Debug */ = {
			isa = XCBuildConfiguration;
			buildSettings = {
				BUNDLE_LOADER = "$(TEST_HOST)";
				CODE_SIGN_STYLE = Automatic;
				CURRENT_PROJECT_VERSION = 1;
				DEVELOPMENT_TEAM = 8JXL43X4BC;
				GENERATE_INFOPLIST_FILE = YES;
				IPHONEOS_DEPLOYMENT_TARGET = 18.1;
				MARKETING_VERSION = 1.0;
				PRODUCT_BUNDLE_IDENTIFIER = "com.OnDevice-MLTests";
				PRODUCT_NAME = "$(TARGET_NAME)";
				SWIFT_EMIT_LOC_STRINGS = NO;
				SWIFT_VERSION = 5.0;
				TARGETED_DEVICE_FAMILY = "1,2";
				TEST_HOST = "$(BUILT_PRODUCTS_DIR)/OnDevice-ML.app/$(BUNDLE_EXECUTABLE_FOLDER_PATH)/OnDevice-ML";
			};
			name = Debug;
		};
		2FA454052CE3144B004AD59A /* Release */ = {
			isa = XCBuildConfiguration;
			buildSettings = {
				BUNDLE_LOADER = "$(TEST_HOST)";
				CODE_SIGN_STYLE = Automatic;
				CURRENT_PROJECT_VERSION = 1;
				DEVELOPMENT_TEAM = 8JXL43X4BC;
				GENERATE_INFOPLIST_FILE = YES;
				IPHONEOS_DEPLOYMENT_TARGET = 18.1;
				MARKETING_VERSION = 1.0;
				PRODUCT_BUNDLE_IDENTIFIER = "com.OnDevice-MLTests";
				PRODUCT_NAME = "$(TARGET_NAME)";
				SWIFT_EMIT_LOC_STRINGS = NO;
				SWIFT_VERSION = 5.0;
				TARGETED_DEVICE_FAMILY = "1,2";
				TEST_HOST = "$(BUILT_PRODUCTS_DIR)/OnDevice-ML.app/$(BUNDLE_EXECUTABLE_FOLDER_PATH)/OnDevice-ML";
			};
			name = Release;
		};
		2FA454072CE3144B004AD59A /* Debug */ = {
			isa = XCBuildConfiguration;
			buildSettings = {
				CODE_SIGN_STYLE = Automatic;
				CURRENT_PROJECT_VERSION = 1;
				DEVELOPMENT_TEAM = 8JXL43X4BC;
				GENERATE_INFOPLIST_FILE = YES;
				MARKETING_VERSION = 1.0;
				PRODUCT_BUNDLE_IDENTIFIER = "com.OnDevice-MLUITests";
				PRODUCT_NAME = "$(TARGET_NAME)";
				SWIFT_EMIT_LOC_STRINGS = NO;
				SWIFT_VERSION = 5.0;
				TARGETED_DEVICE_FAMILY = "1,2";
				TEST_TARGET_NAME = "OnDevice-ML";
			};
			name = Debug;
		};
		2FA454082CE3144B004AD59A /* Release */ = {
			isa = XCBuildConfiguration;
			buildSettings = {
				CODE_SIGN_STYLE = Automatic;
				CURRENT_PROJECT_VERSION = 1;
				DEVELOPMENT_TEAM = 8JXL43X4BC;
				GENERATE_INFOPLIST_FILE = YES;
				MARKETING_VERSION = 1.0;
				PRODUCT_BUNDLE_IDENTIFIER = "com.OnDevice-MLUITests";
				PRODUCT_NAME = "$(TARGET_NAME)";
				SWIFT_EMIT_LOC_STRINGS = NO;
				SWIFT_VERSION = 5.0;
				TARGETED_DEVICE_FAMILY = "1,2";
				TEST_TARGET_NAME = "OnDevice-ML";
			};
			name = Release;
		};
/* End XCBuildConfiguration section */

/* Begin XCConfigurationList section */
		2FA453D22CE31448004AD59A /* Build configuration list for PBXProject "OnDevice-ML" */ = {
			isa = XCConfigurationList;
			buildConfigurations = (
				2FA453FE2CE3144B004AD59A /* Debug */,
				2FA453FF2CE3144B004AD59A /* Release */,
			);
			defaultConfigurationIsVisible = 0;
			defaultConfigurationName = Release;
		};
		2FA454002CE3144B004AD59A /* Build configuration list for PBXNativeTarget "OnDevice-ML" */ = {
			isa = XCConfigurationList;
			buildConfigurations = (
				2FA454012CE3144B004AD59A /* Debug */,
				2FA454022CE3144B004AD59A /* Release */,
			);
			defaultConfigurationIsVisible = 0;
			defaultConfigurationName = Release;
		};
		2FA454032CE3144B004AD59A /* Build configuration list for PBXNativeTarget "OnDevice-MLTests" */ = {
			isa = XCConfigurationList;
			buildConfigurations = (
				2FA454042CE3144B004AD59A /* Debug */,
				2FA454052CE3144B004AD59A /* Release */,
			);
			defaultConfigurationIsVisible = 0;
			defaultConfigurationName = Release;
		};
		2FA454062CE3144B004AD59A /* Build configuration list for PBXNativeTarget "OnDevice-MLUITests" */ = {
			isa = XCConfigurationList;
			buildConfigurations = (
				2FA454072CE3144B004AD59A /* Debug */,
				2FA454082CE3144B004AD59A /* Release */,
			);
			defaultConfigurationIsVisible = 0;
			defaultConfigurationName = Release;
		};
/* End XCConfigurationList section */
	};
	rootObject = 2FA453CF2CE31448004AD59A /* Project object */;
}
